
Microsoft Visual Studio Solution File, Format Version 12.00
# Visual Studio Version 17
VisualStudioVersion = 17.7.34024.191
MinimumVisualStudioVersion = 10.0.40219.1
Project("{9A19103F-16F7-4668-BE54-9A1E7A4F7556}") = "Athena Hybrid", "Athena Hybrid\Athena Hybrid.csproj", "{90BBF43D-6163-4E8B-9EA1-9BE9077C2741}"
EndProject
Project("{8BC9CEB8-8B4A-11D0-8D11-00A0C91BC942}") = "Carbonium", "AthenaSSL\Carbonium.vcxproj", "{6DF35E9E-AA3A-4F4E-947F-3CEE5E3FBAB0}"
EndProject
Project("{9A19103F-16F7-4668-BE54-9A1E7A4F7556}") = "Athena Installer", "Athena Installer\Athena Installer.csproj", "{95E542B9-2FD4-4897-AA44-2A534B19DD3D}"
EndProject
Project("{FAE04EC0-301F-11D3-BF4B-00C04F79EFBC}") = "Athena Locker", "Athena Locker\Athena Locker.csproj", "{C89CCF15-476F-40B1-B046-7F503754536B}"
EndProject
Global
	GlobalSection(SolutionConfigurationPlatforms) = preSolution
		Debug|Any CPU = Debug|Any CPU
		Debug|x64 = Debug|x64
		Debug|x86 = Debug|x86
		Release|Any CPU = Release|Any CPU
		Release|x64 = Release|x64
		Release|x86 = Release|x86
	EndGlobalSection
	GlobalSection(ProjectConfigurationPlatforms) = postSolution
		{90BBF43D-6163-4E8B-9EA1-9BE9077C2741}.Debug|Any CPU.ActiveCfg = Debug|Any CPU
		{90BBF43D-6163-4E8B-9EA1-9BE9077C2741}.Debug|Any CPU.Build.0 = Debug|Any CPU
		{90BBF43D-6163-4E8B-9EA1-9BE9077C2741}.Debug|x64.ActiveCfg = Debug|Any CPU
		{90BBF43D-6163-4E8B-9EA1-9BE9077C2741}.Debug|x64.Build.0 = Debug|Any CPU
		{90BBF43D-6163-4E8B-9EA1-9BE9077C2741}.Debug|x86.ActiveCfg = Debug|Any CPU
		{90BBF43D-6163-4E8B-9EA1-9BE9077C2741}.Debug|x86.Build.0 = Debug|Any CPU
		{90BBF43D-6163-4E8B-9EA1-9BE9077C2741}.Release|Any CPU.ActiveCfg = Release|Any CPU
		{90BBF43D-6163-4E8B-9EA1-9BE9077C2741}.Release|Any CPU.Build.0 = Release|Any CPU
		{90BBF43D-6163-4E8B-9EA1-9BE9077C2741}.Release|x64.ActiveCfg = Release|Any CPU
		{90BBF43D-6163-4E8B-9EA1-9BE9077C2741}.Release|x64.Build.0 = Release|Any CPU
		{90BBF43D-6163-4E8B-9EA1-9BE9077C2741}.Release|x86.ActiveCfg = Release|Any CPU
		{90BBF43D-6163-4E8B-9EA1-9BE9077C2741}.Release|x86.Build.0 = Release|Any CPU
		{6DF35E9E-AA3A-4F4E-947F-3CEE5E3FBAB0}.Debug|Any CPU.ActiveCfg = Debug|x64
		{6DF35E9E-AA3A-4F4E-947F-3CEE5E3FBAB0}.Debug|Any CPU.Build.0 = Debug|x64
		{6DF35E9E-AA3A-4F4E-947F-3CEE5E3FBAB0}.Debug|x64.ActiveCfg = Debug|x64
		{6DF35E9E-AA3A-4F4E-947F-3CEE5E3FBAB0}.Debug|x64.Build.0 = Debug|x64
		{6DF35E9E-AA3A-4F4E-947F-3CEE5E3FBAB0}.Debug|x86.ActiveCfg = Debug|Win32
		{6DF35E9E-AA3A-4F4E-947F-3CEE5E3FBAB0}.Debug|x86.Build.0 = Debug|Win32
		{6DF35E9E-AA3A-4F4E-947F-3CEE5E3FBAB0}.Release|Any CPU.ActiveCfg = Release|x64
		{6DF35E9E-AA3A-4F4E-947F-3CEE5E3FBAB0}.Release|Any CPU.Build.0 = Release|x64
		{6DF35E9E-AA3A-4F4E-947F-3CEE5E3FBAB0}.Release|x64.ActiveCfg = Release|x64
		{6DF35E9E-AA3A-4F4E-947F-3CEE5E3FBAB0}.Release|x64.Build.0 = Release|x64
		{6DF35E9E-AA3A-4F4E-947F-3CEE5E3FBAB0}.Release|x86.ActiveCfg = Release|Win32
		{6DF35E9E-AA3A-4F4E-947F-3CEE5E3FBAB0}.Release|x86.Build.0 = Release|Win32
		{95E542B9-2FD4-4897-AA44-2A534B19DD3D}.Debug|Any CPU.ActiveCfg = Debug|Any CPU
		{95E542B9-2FD4-4897-AA44-2A534B19DD3D}.Debug|Any CPU.Build.0 = Debug|Any CPU
		{95E542B9-2FD4-4897-AA44-2A534B19DD3D}.Debug|x64.ActiveCfg = Debug|Any CPU
		{95E542B9-2FD4-4897-AA44-2A534B19DD3D}.Debug|x64.Build.0 = Debug|Any CPU
		{95E542B9-2FD4-4897-AA44-2A534B19DD3D}.Debug|x86.ActiveCfg = Debug|Any CPU
		{95E542B9-2FD4-4897-AA44-2A534B19DD3D}.Debug|x86.Build.0 = Debug|Any CPU
		{95E542B9-2FD4-4897-AA44-2A534B19DD3D}.Release|Any CPU.ActiveCfg = Release|Any CPU
		{95E542B9-2FD4-4897-AA44-2A534B19DD3D}.Release|Any CPU.Build.0 = Release|Any CPU
		{95E542B9-2FD4-4897-AA44-2A534B19DD3D}.Release|x64.ActiveCfg = Release|Any CPU
		{95E542B9-2FD4-4897-AA44-2A534B19DD3D}.Release|x64.Build.0 = Release|Any CPU
		{95E542B9-2FD4-4897-AA44-2A534B19DD3D}.Release|x86.ActiveCfg = Release|Any CPU
		{95E542B9-2FD4-4897-AA44-2A534B19DD3D}.Release|x86.Build.0 = Release|Any CPU
		{C89CCF15-476F-40B1-B046-7F503754536B}.Debug|Any CPU.ActiveCfg = Debug|Any CPU
		{C89CCF15-476F-40B1-B046-7F503754536B}.Debug|Any CPU.Build.0 = Debug|Any CPU
		{C89CCF15-476F-40B1-B046-7F503754536B}.Debug|x64.ActiveCfg = Debug|Any CPU
		{C89CCF15-476F-40B1-B046-7F503754536B}.Debug|x64.Build.0 = Debug|Any CPU
		{C89CCF15-476F-40B1-B046-7F503754536B}.Debug|x86.ActiveCfg = Debug|Any CPU
		{C89CCF15-476F-40B1-B046-7F503754536B}.Debug|x86.Build.0 = Debug|Any CPU
		{C89CCF15-476F-40B1-B046-7F503754536B}.Release|Any CPU.ActiveCfg = Release|Any CPU
		{C89CCF15-476F-40B1-B046-7F503754536B}.Release|Any CPU.Build.0 = Release|Any CPU
		{C89CCF15-476F-40B1-B046-7F503754536B}.Release|x64.ActiveCfg = Release|Any CPU
		{C89CCF15-476F-40B1-B046-7F503754536B}.Release|x64.Build.0 = Release|Any CPU
		{C89CCF15-476F-40B1-B046-7F503754536B}.Release|x86.ActiveCfg = Release|Any CPU
		{C89CCF15-476F-40B1-B046-7F503754536B}.Release|x86.Build.0 = Release|Any CPU
	EndGlobalSection
	GlobalSection(SolutionProperties) = preSolution
		HideSolutionNode = FALSE
	EndGlobalSection
	GlobalSection(ExtensibilityGlobals) = postSolution
		SolutionGuid = {EE03DEBE-CA55-4DFE-820B-C98FFB55748F}
	EndGlobalSection
EndGlobal
